// !$*UTF8*$!
{
	archiveVersion = 1;
	classes = {
	};
	objectVersion = 56;
	objects = {

/* Begin PBXBuildFile section */
		1548C4CB2BE9EDFF0095B9D2 /* LandmarksApp.swift in Sources */ = {isa = PBXBuildFile; fileRef = 1548C4CA2BE9EDFF0095B9D2 /* LandmarksApp.swift */; };
		1548C4CD2BE9EDFF0095B9D2 /* ContentView.swift in Sources */ = {isa = PBXBuildFile; fileRef = 1548C4CC2BE9EDFF0095B9D2 /* ContentView.swift */; };
		1548C4CF2BE9EE000095B9D2 /* Assets.xcassets in Resources */ = {isa = PBXBuildFile; fileRef = 1548C4CE2BE9EE000095B9D2 /* Assets.xcassets */; };
		1548C4D22BE9EE000095B9D2 /* Preview Assets.xcassets in Resources */ = {isa = PBXBuildFile; fileRef = 1548C4D12BE9EE000095B9D2 /* Preview Assets.xcassets */; };
		1548C4DC2BE9EE000095B9D2 /* LandmarksTests.swift in Sources */ = {isa = PBXBuildFile; fileRef = 1548C4DB2BE9EE000095B9D2 /* LandmarksTests.swift */; };
		1548C4E62BE9EE000095B9D2 /* LandmarksUITests.swift in Sources */ = {isa = PBXBuildFile; fileRef = 1548C4E52BE9EE000095B9D2 /* LandmarksUITests.swift */; };
		1548C4E82BE9EE000095B9D2 /* LandmarksUITestsLaunchTests.swift in Sources */ = {isa = PBXBuildFile; fileRef = 1548C4E72BE9EE000095B9D2 /* LandmarksUITestsLaunchTests.swift */; };
		1548C4F52BE9F3640095B9D2 /* CircleImage.swift in Sources */ = {isa = PBXBuildFile; fileRef = 1548C4F42BE9F3640095B9D2 /* CircleImage.swift */; };
		1548C4F72BE9F3BF0095B9D2 /* MapView.swift in Sources */ = {isa = PBXBuildFile; fileRef = 1548C4F62BE9F3BF0095B9D2 /* MapView.swift */; };
		1548C5082BE9F7140095B9D2 /* charleyrivers@2x.jpg in Resources */ = {isa = PBXBuildFile; fileRef = 1548C4F82BE9F7140095B9D2 /* charleyrivers@2x.jpg */; };
		1548C5092BE9F7140095B9D2 /* chilkoottrail@2x.jpg in Resources */ = {isa = PBXBuildFile; fileRef = 1548C4F92BE9F7140095B9D2 /* chilkoottrail@2x.jpg */; };
		1548C50A2BE9F7140095B9D2 /* chincoteague@2x.jpg in Resources */ = {isa = PBXBuildFile; fileRef = 1548C4FA2BE9F7140095B9D2 /* chincoteague@2x.jpg */; };
		1548C50B2BE9F7140095B9D2 /* hiddenlake@2x.jpg in Resources */ = {isa = PBXBuildFile; fileRef = 1548C4FB2BE9F7140095B9D2 /* hiddenlake@2x.jpg */; };
		1548C50C2BE9F7140095B9D2 /* icybay@2x.jpg in Resources */ = {isa = PBXBuildFile; fileRef = 1548C4FC2BE9F7140095B9D2 /* icybay@2x.jpg */; };
		1548C50D2BE9F7140095B9D2 /* lakemcdonald@2x.jpg in Resources */ = {isa = PBXBuildFile; fileRef = 1548C4FD2BE9F7140095B9D2 /* lakemcdonald@2x.jpg */; };
		1548C50E2BE9F7140095B9D2 /* rainbowlake@2x.jpg in Resources */ = {isa = PBXBuildFile; fileRef = 1548C4FE2BE9F7140095B9D2 /* rainbowlake@2x.jpg */; };
		1548C50F2BE9F7140095B9D2 /* silversalmoncreek@2x.jpg in Resources */ = {isa = PBXBuildFile; fileRef = 1548C4FF2BE9F7140095B9D2 /* silversalmoncreek@2x.jpg */; };
		1548C5102BE9F7140095B9D2 /* stmarylake@2x.jpg in Resources */ = {isa = PBXBuildFile; fileRef = 1548C5002BE9F7140095B9D2 /* stmarylake@2x.jpg */; };
		1548C5112BE9F7140095B9D2 /* twinlake@2x.jpg in Resources */ = {isa = PBXBuildFile; fileRef = 1548C5012BE9F7140095B9D2 /* twinlake@2x.jpg */; };
		1548C5122BE9F7140095B9D2 /* umbagog@2x.jpg in Resources */ = {isa = PBXBuildFile; fileRef = 1548C5022BE9F7140095B9D2 /* umbagog@2x.jpg */; };
		1548C5142BE9F7140095B9D2 /* landmarkData.json in Resources */ = {isa = PBXBuildFile; fileRef = 1548C5062BE9F7140095B9D2 /* landmarkData.json */; };
		1548C5162BE9F7510095B9D2 /* Landmark.swift in Sources */ = {isa = PBXBuildFile; fileRef = 1548C5152BE9F7510095B9D2 /* Landmark.swift */; };
		1548C5182BE9F8A10095B9D2 /* ModelData.swift in Sources */ = {isa = PBXBuildFile; fileRef = 1548C5172BE9F8A10095B9D2 /* ModelData.swift */; };
		1548C51C2BE9FB5B0095B9D2 /* LandmarkRow.swift in Sources */ = {isa = PBXBuildFile; fileRef = 1548C51B2BE9FB5B0095B9D2 /* LandmarkRow.swift */; };
		1548C51E2BE9FD790095B9D2 /* LandmarkList.swift in Sources */ = {isa = PBXBuildFile; fileRef = 1548C51D2BE9FD790095B9D2 /* LandmarkList.swift */; };
		1548C5202BE9FEF50095B9D2 /* LandmarkDetail.swift in Sources */ = {isa = PBXBuildFile; fileRef = 1548C51F2BE9FEF50095B9D2 /* LandmarkDetail.swift */; };
		1548C5222BEA1ADA0095B9D2 /* FavoriteButton.swift in Sources */ = {isa = PBXBuildFile; fileRef = 1548C5212BEA1ADA0095B9D2 /* FavoriteButton.swift */; };
		1548C5272BEA1E730095B9D2 /* HexagonParameters.swift in Sources */ = {isa = PBXBuildFile; fileRef = 1548C5262BEA1E730095B9D2 /* HexagonParameters.swift */; };
		1548C5292BEA20370095B9D2 /* BadgeBackground.swift in Sources */ = {isa = PBXBuildFile; fileRef = 1548C5282BEA20370095B9D2 /* BadgeBackground.swift */; };
		1548C52B2BEA244F0095B9D2 /* BadgeSymbol.swift in Sources */ = {isa = PBXBuildFile; fileRef = 1548C52A2BEA244F0095B9D2 /* BadgeSymbol.swift */; };
		1548C52D2BEA29D60095B9D2 /* RotatedBadgeSymbol.swift in Sources */ = {isa = PBXBuildFile; fileRef = 1548C52C2BEA29D60095B9D2 /* RotatedBadgeSymbol.swift */; };
		1548C52F2BEA2A3F0095B9D2 /* Badge.swift in Sources */ = {isa = PBXBuildFile; fileRef = 1548C52E2BEA2A3F0095B9D2 /* Badge.swift */; };
		1548C5312BEA2B960095B9D2 /* hikeData.json in Resources */ = {isa = PBXBuildFile; fileRef = 1548C5302BEA2B950095B9D2 /* hikeData.json */; };
		1548C5332BEA2C9F0095B9D2 /* Hike.swift in Sources */ = {isa = PBXBuildFile; fileRef = 1548C5322BEA2C9F0095B9D2 /* Hike.swift */; };
		1548C5392BEA2DDC0095B9D2 /* GraphCapsule.swift in Sources */ = {isa = PBXBuildFile; fileRef = 1548C5342BEA2DDC0095B9D2 /* GraphCapsule.swift */; };
		1548C53A2BEA2DDC0095B9D2 /* HikeDetail.swift in Sources */ = {isa = PBXBuildFile; fileRef = 1548C5352BEA2DDC0095B9D2 /* HikeDetail.swift */; };
		1548C53B2BEA2DDC0095B9D2 /* HikeGraph.swift in Sources */ = {isa = PBXBuildFile; fileRef = 1548C5362BEA2DDC0095B9D2 /* HikeGraph.swift */; };
		1548C53C2BEA2DDC0095B9D2 /* HikeView.swift in Sources */ = {isa = PBXBuildFile; fileRef = 1548C5372BEA2DDC0095B9D2 /* HikeView.swift */; };
		159C497A2C1C566300ADD0B2 /* NotificationView.swift in Sources */ = {isa = PBXBuildFile; fileRef = 159C49792C1C566300ADD0B2 /* NotificationView.swift */; };
		159C497C2C1C575C00ADD0B2 /* NotificationController.swift in Sources */ = {isa = PBXBuildFile; fileRef = 159C497B2C1C575C00ADD0B2 /* NotificationController.swift */; };
		159C49872C1C5DC600ADD0B2 /* ContentView.swift in Sources */ = {isa = PBXBuildFile; fileRef = 159C49862C1C5DC600ADD0B2 /* ContentView.swift */; };
		159C49892C1C5DC800ADD0B2 /* Assets.xcassets in Resources */ = {isa = PBXBuildFile; fileRef = 159C49882C1C5DC800ADD0B2 /* Assets.xcassets */; };
		159C498C2C1C5DC800ADD0B2 /* Preview Assets.xcassets in Resources */ = {isa = PBXBuildFile; fileRef = 159C498B2C1C5DC800ADD0B2 /* Preview Assets.xcassets */; };
		159C49912C1C5EE100ADD0B2 /* Assets.xcassets in Resources */ = {isa = PBXBuildFile; fileRef = 1548C4CE2BE9EE000095B9D2 /* Assets.xcassets */; };
		159C49922C1C5EE100ADD0B2 /* landmarkData.json in Resources */ = {isa = PBXBuildFile; fileRef = 1548C5062BE9F7140095B9D2 /* landmarkData.json */; };
		159C49932C1C5EE100ADD0B2 /* hikeData.json in Resources */ = {isa = PBXBuildFile; fileRef = 1548C5302BEA2B950095B9D2 /* hikeData.json */; };
		159C49942C1C5EE100ADD0B2 /* Hike.swift in Sources */ = {isa = PBXBuildFile; fileRef = 1548C5322BEA2C9F0095B9D2 /* Hike.swift */; };
		159C49952C1C5EE100ADD0B2 /* FavoriteButton.swift in Sources */ = {isa = PBXBuildFile; fileRef = 1548C5212BEA1ADA0095B9D2 /* FavoriteButton.swift */; };
		159C49962C1C5EE100ADD0B2 /* CircleImage.swift in Sources */ = {isa = PBXBuildFile; fileRef = 1548C4F42BE9F3640095B9D2 /* CircleImage.swift */; };
		159C49972C1C5EE100ADD0B2 /* Landmark.swift in Sources */ = {isa = PBXBuildFile; fileRef = 1548C5152BE9F7510095B9D2 /* Landmark.swift */; };
		159C49982C1C5EE100ADD0B2 /* Profile.swift in Sources */ = {isa = PBXBuildFile; fileRef = 15F6D22F2BEE481500E114EF /* Profile.swift */; };
		159C49992C1C5EE100ADD0B2 /* MapView.swift in Sources */ = {isa = PBXBuildFile; fileRef = 1548C4F62BE9F3BF0095B9D2 /* MapView.swift */; };
		159C499A2C1C5EE100ADD0B2 /* ModelData.swift in Sources */ = {isa = PBXBuildFile; fileRef = 1548C5172BE9F8A10095B9D2 /* ModelData.swift */; };
		159C499B2C1C5EE100ADD0B2 /* LandmarkRow.swift in Sources */ = {isa = PBXBuildFile; fileRef = 1548C51B2BE9FB5B0095B9D2 /* LandmarkRow.swift */; };
		159C499C2C1C5EE100ADD0B2 /* LandmarkList.swift in Sources */ = {isa = PBXBuildFile; fileRef = 1548C51D2BE9FD790095B9D2 /* LandmarkList.swift */; };
		159C499D2C1C5EE100ADD0B2 /* LandmarksApp.swift in Sources */ = {isa = PBXBuildFile; fileRef = 1548C4CA2BE9EDFF0095B9D2 /* LandmarksApp.swift */; };
		159C499F2C1C5F9B00ADD0B2 /* LandmarkDetail.swift in Sources */ = {isa = PBXBuildFile; fileRef = 159C499E2C1C5F9B00ADD0B2 /* LandmarkDetail.swift */; };
		159C49A12C1C63AF00ADD0B2 /* LandmarkList.swift in Sources */ = {isa = PBXBuildFile; fileRef = 159C49A02C1C63AF00ADD0B2 /* LandmarkList.swift */; };
		159C49A32C1C68F000ADD0B2 /* LandmarkCommands.swift in Sources */ = {isa = PBXBuildFile; fileRef = 159C49A22C1C68F000ADD0B2 /* LandmarkCommands.swift */; };
		159C49A42C1C68F000ADD0B2 /* LandmarkCommands.swift in Sources */ = {isa = PBXBuildFile; fileRef = 159C49A22C1C68F000ADD0B2 /* LandmarkCommands.swift */; };
		159C49A92C1C717500ADD0B2 /* LandmarkSettings.swift in Sources */ = {isa = PBXBuildFile; fileRef = 159C49A82C1C717500ADD0B2 /* LandmarkSettings.swift */; };
		15EF28502BFC257E006BB7FE /* ContentView.swift in Sources */ = {isa = PBXBuildFile; fileRef = 15EF284F2BFC257E006BB7FE /* ContentView.swift */; };
		15EF28522BFC257F006BB7FE /* Assets.xcassets in Resources */ = {isa = PBXBuildFile; fileRef = 15EF28512BFC257F006BB7FE /* Assets.xcassets */; };
		15EF28552BFC257F006BB7FE /* Preview Assets.xcassets in Resources */ = {isa = PBXBuildFile; fileRef = 15EF28542BFC257F006BB7FE /* Preview Assets.xcassets */; };
		15EF28582BFC257F006BB7FE /* WatchLandmarks Watch App.app in Embed Watch Content */ = {isa = PBXBuildFile; fileRef = 15EF284B2BFC257E006BB7FE /* WatchLandmarks Watch App.app */; settings = {ATTRIBUTES = (RemoveHeadersOnCopy, ); }; };
		15EF28612BFC8C37006BB7FE /* landmarkData.json in Resources */ = {isa = PBXBuildFile; fileRef = 1548C5062BE9F7140095B9D2 /* landmarkData.json */; };
		15EF28622BFC8C37006BB7FE /* hikeData.json in Resources */ = {isa = PBXBuildFile; fileRef = 1548C5302BEA2B950095B9D2 /* hikeData.json */; };
		15EF28652BFC8C37006BB7FE /* LandmarkRow.swift in Sources */ = {isa = PBXBuildFile; fileRef = 1548C51B2BE9FB5B0095B9D2 /* LandmarkRow.swift */; };
		15EF28662BFC8C37006BB7FE /* Landmark.swift in Sources */ = {isa = PBXBuildFile; fileRef = 1548C5152BE9F7510095B9D2 /* Landmark.swift */; };
		15EF28672BFC8C37006BB7FE /* Hike.swift in Sources */ = {isa = PBXBuildFile; fileRef = 1548C5322BEA2C9F0095B9D2 /* Hike.swift */; };
		15EF28682BFC8C37006BB7FE /* Profile.swift in Sources */ = {isa = PBXBuildFile; fileRef = 15F6D22F2BEE481500E114EF /* Profile.swift */; };
		15EF28692BFC8C37006BB7FE /* LandmarksApp.swift in Sources */ = {isa = PBXBuildFile; fileRef = 1548C4CA2BE9EDFF0095B9D2 /* LandmarksApp.swift */; };
		15EF286A2BFC8C37006BB7FE /* MapView.swift in Sources */ = {isa = PBXBuildFile; fileRef = 1548C4F62BE9F3BF0095B9D2 /* MapView.swift */; };
		15EF286B2BFC8C37006BB7FE /* ModelData.swift in Sources */ = {isa = PBXBuildFile; fileRef = 1548C5172BE9F8A10095B9D2 /* ModelData.swift */; };
		15EF286C2BFC8C37006BB7FE /* CircleImage.swift in Sources */ = {isa = PBXBuildFile; fileRef = 1548C4F42BE9F3640095B9D2 /* CircleImage.swift */; };
		15EF286D2BFC8C5C006BB7FE /* Assets.xcassets in Resources */ = {isa = PBXBuildFile; fileRef = 1548C4CE2BE9EE000095B9D2 /* Assets.xcassets */; };
		15EF28732BFC8D50006BB7FE /* LandmarkDetail.swift in Sources */ = {isa = PBXBuildFile; fileRef = 15EF28722BFC8D50006BB7FE /* LandmarkDetail.swift */; };
		15F6D22A2BEE3CDB00E114EF /* CategoryHome.swift in Sources */ = {isa = PBXBuildFile; fileRef = 15F6D2292BEE3CDB00E114EF /* CategoryHome.swift */; };
		15F6D22C2BEE403F00E114EF /* CategoryRow.swift in Sources */ = {isa = PBXBuildFile; fileRef = 15F6D22B2BEE403F00E114EF /* CategoryRow.swift */; };
		15F6D22E2BEE417500E114EF /* CategoryItem.swift in Sources */ = {isa = PBXBuildFile; fileRef = 15F6D22D2BEE417500E114EF /* CategoryItem.swift */; };
		15F6D2302BEE481500E114EF /* Profile.swift in Sources */ = {isa = PBXBuildFile; fileRef = 15F6D22F2BEE481500E114EF /* Profile.swift */; };
		15F6D2332BEE4B4D00E114EF /* ProfileHost.swift in Sources */ = {isa = PBXBuildFile; fileRef = 15F6D2322BEE4B4D00E114EF /* ProfileHost.swift */; };
		15F6D2352BEE4CDD00E114EF /* ProfileSummary.swift in Sources */ = {isa = PBXBuildFile; fileRef = 15F6D2342BEE4CDD00E114EF /* ProfileSummary.swift */; };
		15F6D2372BEE632000E114EF /* HikeBadge.swift in Sources */ = {isa = PBXBuildFile; fileRef = 15F6D2362BEE632000E114EF /* HikeBadge.swift */; };
		15F6D2392BEF138000E114EF /* ProfileEditor.swift in Sources */ = {isa = PBXBuildFile; fileRef = 15F6D2382BEF138000E114EF /* ProfileEditor.swift */; };
		15F6D23C2BEF16D100E114EF /* PageViewController.swift in Sources */ = {isa = PBXBuildFile; fileRef = 15F6D23B2BEF16D100E114EF /* PageViewController.swift */; };
/* End PBXBuildFile section */

/* Begin PBXContainerItemProxy section */
		1548C4D82BE9EE000095B9D2 /* PBXContainerItemProxy */ = {
			isa = PBXContainerItemProxy;
			containerPortal = 1548C4BF2BE9EDFF0095B9D2 /* Project object */;
			proxyType = 1;
			remoteGlobalIDString = 1548C4C62BE9EDFF0095B9D2;
			remoteInfo = Landmarks;
		};
		1548C4E22BE9EE000095B9D2 /* PBXContainerItemProxy */ = {
			isa = PBXContainerItemProxy;
			containerPortal = 1548C4BF2BE9EDFF0095B9D2 /* Project object */;
			proxyType = 1;
			remoteGlobalIDString = 1548C4C62BE9EDFF0095B9D2;
			remoteInfo = Landmarks;
		};
		15EF28562BFC257F006BB7FE /* PBXContainerItemProxy */ = {
			isa = PBXContainerItemProxy;
			containerPortal = 1548C4BF2BE9EDFF0095B9D2 /* Project object */;
			proxyType = 1;
			remoteGlobalIDString = 15EF284A2BFC257E006BB7FE;
			remoteInfo = "WatchLandmarks Watch App";
		};
/* End PBXContainerItemProxy section */

/* Begin PBXCopyFilesBuildPhase section */
		15EF285C2BFC257F006BB7FE /* Embed Watch Content */ = {
			isa = PBXCopyFilesBuildPhase;
			buildActionMask = 2147483647;
			dstPath = "$(CONTENTS_FOLDER_PATH)/Watch";
			dstSubfolderSpec = 16;
			files = (
				15EF28582BFC257F006BB7FE /* WatchLandmarks Watch App.app in Embed Watch Content */,
			);
			name = "Embed Watch Content";
			runOnlyForDeploymentPostprocessing = 0;
		};
/* End PBXCopyFilesBuildPhase section */

/* Begin PBXFileReference section */
		1548C4C72BE9EDFF0095B9D2 /* Landmarks.app */ = {isa = PBXFileReference; explicitFileType = wrapper.application; includeInIndex = 0; path = Landmarks.app; sourceTree = BUILT_PRODUCTS_DIR; };
		1548C4CA2BE9EDFF0095B9D2 /* LandmarksApp.swift */ = {isa = PBXFileReference; lastKnownFileType = sourcecode.swift; path = LandmarksApp.swift; sourceTree = "<group>"; };
		1548C4CC2BE9EDFF0095B9D2 /* ContentView.swift */ = {isa = PBXFileReference; lastKnownFileType = sourcecode.swift; path = ContentView.swift; sourceTree = "<group>"; };
		1548C4CE2BE9EE000095B9D2 /* Assets.xcassets */ = {isa = PBXFileReference; lastKnownFileType = folder.assetcatalog; path = Assets.xcassets; sourceTree = "<group>"; };
		1548C4D12BE9EE000095B9D2 /* Preview Assets.xcassets */ = {isa = PBXFileReference; lastKnownFileType = folder.assetcatalog; path = "Preview Assets.xcassets"; sourceTree = "<group>"; };
		1548C4D72BE9EE000095B9D2 /* LandmarksTests.xctest */ = {isa = PBXFileReference; explicitFileType = wrapper.cfbundle; includeInIndex = 0; path = LandmarksTests.xctest; sourceTree = BUILT_PRODUCTS_DIR; };
		1548C4DB2BE9EE000095B9D2 /* LandmarksTests.swift */ = {isa = PBXFileReference; lastKnownFileType = sourcecode.swift; path = LandmarksTests.swift; sourceTree = "<group>"; };
		1548C4E12BE9EE000095B9D2 /* LandmarksUITests.xctest */ = {isa = PBXFileReference; explicitFileType = wrapper.cfbundle; includeInIndex = 0; path = LandmarksUITests.xctest; sourceTree = BUILT_PRODUCTS_DIR; };
		1548C4E52BE9EE000095B9D2 /* LandmarksUITests.swift */ = {isa = PBXFileReference; lastKnownFileType = sourcecode.swift; path = LandmarksUITests.swift; sourceTree = "<group>"; };
		1548C4E72BE9EE000095B9D2 /* LandmarksUITestsLaunchTests.swift */ = {isa = PBXFileReference; lastKnownFileType = sourcecode.swift; path = LandmarksUITestsLaunchTests.swift; sourceTree = "<group>"; };
		1548C4F42BE9F3640095B9D2 /* CircleImage.swift */ = {isa = PBXFileReference; lastKnownFileType = sourcecode.swift; path = CircleImage.swift; sourceTree = "<group>"; };
		1548C4F62BE9F3BF0095B9D2 /* MapView.swift */ = {isa = PBXFileReference; lastKnownFileType = sourcecode.swift; path = MapView.swift; sourceTree = "<group>"; };
		1548C4F82BE9F7140095B9D2 /* charleyrivers@2x.jpg */ = {isa = PBXFileReference; lastKnownFileType = image.jpeg; path = "charleyrivers@2x.jpg"; sourceTree = "<group>"; };
		1548C4F92BE9F7140095B9D2 /* chilkoottrail@2x.jpg */ = {isa = PBXFileReference; lastKnownFileType = image.jpeg; path = "chilkoottrail@2x.jpg"; sourceTree = "<group>"; };
		1548C4FA2BE9F7140095B9D2 /* chincoteague@2x.jpg */ = {isa = PBXFileReference; lastKnownFileType = image.jpeg; path = "chincoteague@2x.jpg"; sourceTree = "<group>"; };
		1548C4FB2BE9F7140095B9D2 /* hiddenlake@2x.jpg */ = {isa = PBXFileReference; lastKnownFileType = image.jpeg; path = "hiddenlake@2x.jpg"; sourceTree = "<group>"; };
		1548C4FC2BE9F7140095B9D2 /* icybay@2x.jpg */ = {isa = PBXFileReference; lastKnownFileType = image.jpeg; path = "icybay@2x.jpg"; sourceTree = "<group>"; };
		1548C4FD2BE9F7140095B9D2 /* lakemcdonald@2x.jpg */ = {isa = PBXFileReference; lastKnownFileType = image.jpeg; path = "lakemcdonald@2x.jpg"; sourceTree = "<group>"; };
		1548C4FE2BE9F7140095B9D2 /* rainbowlake@2x.jpg */ = {isa = PBXFileReference; lastKnownFileType = image.jpeg; path = "rainbowlake@2x.jpg"; sourceTree = "<group>"; };
		1548C4FF2BE9F7140095B9D2 /* silversalmoncreek@2x.jpg */ = {isa = PBXFileReference; lastKnownFileType = image.jpeg; path = "silversalmoncreek@2x.jpg"; sourceTree = "<group>"; };
		1548C5002BE9F7140095B9D2 /* stmarylake@2x.jpg */ = {isa = PBXFileReference; lastKnownFileType = image.jpeg; path = "stmarylake@2x.jpg"; sourceTree = "<group>"; };
		1548C5012BE9F7140095B9D2 /* twinlake@2x.jpg */ = {isa = PBXFileReference; lastKnownFileType = image.jpeg; path = "twinlake@2x.jpg"; sourceTree = "<group>"; };
		1548C5022BE9F7140095B9D2 /* umbagog@2x.jpg */ = {isa = PBXFileReference; lastKnownFileType = image.jpeg; path = "umbagog@2x.jpg"; sourceTree = "<group>"; };
		1548C5062BE9F7140095B9D2 /* landmarkData.json */ = {isa = PBXFileReference; fileEncoding = 4; lastKnownFileType = text.json; path = landmarkData.json; sourceTree = "<group>"; };
		1548C5152BE9F7510095B9D2 /* Landmark.swift */ = {isa = PBXFileReference; lastKnownFileType = sourcecode.swift; path = Landmark.swift; sourceTree = "<group>"; };
		1548C5172BE9F8A10095B9D2 /* ModelData.swift */ = {isa = PBXFileReference; lastKnownFileType = sourcecode.swift; path = ModelData.swift; sourceTree = "<group>"; };
		1548C51B2BE9FB5B0095B9D2 /* LandmarkRow.swift */ = {isa = PBXFileReference; lastKnownFileType = sourcecode.swift; path = LandmarkRow.swift; sourceTree = "<group>"; };
		1548C51D2BE9FD790095B9D2 /* LandmarkList.swift */ = {isa = PBXFileReference; lastKnownFileType = sourcecode.swift; path = LandmarkList.swift; sourceTree = "<group>"; };
		1548C51F2BE9FEF50095B9D2 /* LandmarkDetail.swift */ = {isa = PBXFileReference; lastKnownFileType = sourcecode.swift; path = LandmarkDetail.swift; sourceTree = "<group>"; };
		1548C5212BEA1ADA0095B9D2 /* FavoriteButton.swift */ = {isa = PBXFileReference; lastKnownFileType = sourcecode.swift; path = FavoriteButton.swift; sourceTree = "<group>"; };
		1548C5262BEA1E730095B9D2 /* HexagonParameters.swift */ = {isa = PBXFileReference; lastKnownFileType = sourcecode.swift; path = HexagonParameters.swift; sourceTree = "<group>"; };
		1548C5282BEA20370095B9D2 /* BadgeBackground.swift */ = {isa = PBXFileReference; lastKnownFileType = sourcecode.swift; path = BadgeBackground.swift; sourceTree = "<group>"; };
		1548C52A2BEA244F0095B9D2 /* BadgeSymbol.swift */ = {isa = PBXFileReference; lastKnownFileType = sourcecode.swift; path = BadgeSymbol.swift; sourceTree = "<group>"; };
		1548C52C2BEA29D60095B9D2 /* RotatedBadgeSymbol.swift */ = {isa = PBXFileReference; lastKnownFileType = sourcecode.swift; path = RotatedBadgeSymbol.swift; sourceTree = "<group>"; };
		1548C52E2BEA2A3F0095B9D2 /* Badge.swift */ = {isa = PBXFileReference; lastKnownFileType = sourcecode.swift; path = Badge.swift; sourceTree = "<group>"; };
		1548C5302BEA2B950095B9D2 /* hikeData.json */ = {isa = PBXFileReference; fileEncoding = 4; lastKnownFileType = text.json; path = hikeData.json; sourceTree = "<group>"; };
		1548C5322BEA2C9F0095B9D2 /* Hike.swift */ = {isa = PBXFileReference; lastKnownFileType = sourcecode.swift; path = Hike.swift; sourceTree = "<group>"; };
		1548C5342BEA2DDC0095B9D2 /* GraphCapsule.swift */ = {isa = PBXFileReference; fileEncoding = 4; lastKnownFileType = sourcecode.swift; path = GraphCapsule.swift; sourceTree = "<group>"; };
		1548C5352BEA2DDC0095B9D2 /* HikeDetail.swift */ = {isa = PBXFileReference; fileEncoding = 4; lastKnownFileType = sourcecode.swift; path = HikeDetail.swift; sourceTree = "<group>"; };
		1548C5362BEA2DDC0095B9D2 /* HikeGraph.swift */ = {isa = PBXFileReference; fileEncoding = 4; lastKnownFileType = sourcecode.swift; path = HikeGraph.swift; sourceTree = "<group>"; };
		1548C5372BEA2DDC0095B9D2 /* HikeView.swift */ = {isa = PBXFileReference; fileEncoding = 4; lastKnownFileType = sourcecode.swift; path = HikeView.swift; sourceTree = "<group>"; };
		159C49792C1C566300ADD0B2 /* NotificationView.swift */ = {isa = PBXFileReference; lastKnownFileType = sourcecode.swift; path = NotificationView.swift; sourceTree = "<group>"; };
		159C497B2C1C575C00ADD0B2 /* NotificationController.swift */ = {isa = PBXFileReference; lastKnownFileType = sourcecode.swift; path = NotificationController.swift; sourceTree = "<group>"; };
		159C497D2C1C5B1400ADD0B2 /* PushNotificationPayload.apns */ = {isa = PBXFileReference; lastKnownFileType = text; path = PushNotificationPayload.apns; sourceTree = "<group>"; };
		159C49822C1C5DC600ADD0B2 /* MacLandmarks.app */ = {isa = PBXFileReference; explicitFileType = wrapper.application; includeInIndex = 0; path = MacLandmarks.app; sourceTree = BUILT_PRODUCTS_DIR; };
		159C49862C1C5DC600ADD0B2 /* ContentView.swift */ = {isa = PBXFileReference; lastKnownFileType = sourcecode.swift; path = ContentView.swift; sourceTree = "<group>"; };
		159C49882C1C5DC800ADD0B2 /* Assets.xcassets */ = {isa = PBXFileReference; lastKnownFileType = folder.assetcatalog; path = Assets.xcassets; sourceTree = "<group>"; };
		159C498B2C1C5DC800ADD0B2 /* Preview Assets.xcassets */ = {isa = PBXFileReference; lastKnownFileType = folder.assetcatalog; path = "Preview Assets.xcassets"; sourceTree = "<group>"; };
		159C498D2C1C5DC800ADD0B2 /* MacLandmarks.entitlements */ = {isa = PBXFileReference; lastKnownFileType = text.plist.entitlements; path = MacLandmarks.entitlements; sourceTree = "<group>"; };
		159C499E2C1C5F9B00ADD0B2 /* LandmarkDetail.swift */ = {isa = PBXFileReference; lastKnownFileType = sourcecode.swift; path = LandmarkDetail.swift; sourceTree = "<group>"; };
		159C49A02C1C63AF00ADD0B2 /* LandmarkList.swift */ = {isa = PBXFileReference; lastKnownFileType = sourcecode.swift; path = LandmarkList.swift; sourceTree = "<group>"; };
		159C49A22C1C68F000ADD0B2 /* LandmarkCommands.swift */ = {isa = PBXFileReference; lastKnownFileType = sourcecode.swift; path = LandmarkCommands.swift; sourceTree = "<group>"; };
		159C49A82C1C717500ADD0B2 /* LandmarkSettings.swift */ = {isa = PBXFileReference; lastKnownFileType = sourcecode.swift; path = LandmarkSettings.swift; sourceTree = "<group>"; };
		15EF284B2BFC257E006BB7FE /* WatchLandmarks Watch App.app */ = {isa = PBXFileReference; explicitFileType = wrapper.application; includeInIndex = 0; path = "WatchLandmarks Watch App.app"; sourceTree = BUILT_PRODUCTS_DIR; };
		15EF284F2BFC257E006BB7FE /* ContentView.swift */ = {isa = PBXFileReference; lastKnownFileType = sourcecode.swift; path = ContentView.swift; sourceTree = "<group>"; };
		15EF28512BFC257F006BB7FE /* Assets.xcassets */ = {isa = PBXFileReference; lastKnownFileType = folder.assetcatalog; path = Assets.xcassets; sourceTree = "<group>"; };
		15EF28542BFC257F006BB7FE /* Preview Assets.xcassets */ = {isa = PBXFileReference; lastKnownFileType = folder.assetcatalog; path = "Preview Assets.xcassets"; sourceTree = "<group>"; };
		15EF28722BFC8D50006BB7FE /* LandmarkDetail.swift */ = {isa = PBXFileReference; lastKnownFileType = sourcecode.swift; path = LandmarkDetail.swift; sourceTree = "<group>"; };
		15F6D2292BEE3CDB00E114EF /* CategoryHome.swift */ = {isa = PBXFileReference; lastKnownFileType = sourcecode.swift; path = CategoryHome.swift; sourceTree = "<group>"; };
		15F6D22B2BEE403F00E114EF /* CategoryRow.swift */ = {isa = PBXFileReference; lastKnownFileType = sourcecode.swift; path = CategoryRow.swift; sourceTree = "<group>"; };
		15F6D22D2BEE417500E114EF /* CategoryItem.swift */ = {isa = PBXFileReference; lastKnownFileType = sourcecode.swift; path = CategoryItem.swift; sourceTree = "<group>"; };
		15F6D22F2BEE481500E114EF /* Profile.swift */ = {isa = PBXFileReference; lastKnownFileType = sourcecode.swift; path = Profile.swift; sourceTree = "<group>"; };
		15F6D2322BEE4B4D00E114EF /* ProfileHost.swift */ = {isa = PBXFileReference; lastKnownFileType = sourcecode.swift; path = ProfileHost.swift; sourceTree = "<group>"; };
		15F6D2342BEE4CDD00E114EF /* ProfileSummary.swift */ = {isa = PBXFileReference; lastKnownFileType = sourcecode.swift; path = ProfileSummary.swift; sourceTree = "<group>"; };
		15F6D2362BEE632000E114EF /* HikeBadge.swift */ = {isa = PBXFileReference; lastKnownFileType = sourcecode.swift; path = HikeBadge.swift; sourceTree = "<group>"; };
		15F6D2382BEF138000E114EF /* ProfileEditor.swift */ = {isa = PBXFileReference; lastKnownFileType = sourcecode.swift; path = ProfileEditor.swift; sourceTree = "<group>"; };
		15F6D23B2BEF16D100E114EF /* PageViewController.swift */ = {isa = PBXFileReference; lastKnownFileType = sourcecode.swift; path = PageViewController.swift; sourceTree = "<group>"; };
/* End PBXFileReference section */

/* Begin PBXFrameworksBuildPhase section */
		1548C4C42BE9EDFF0095B9D2 /* Frameworks */ = {
			isa = PBXFrameworksBuildPhase;
			buildActionMask = 2147483647;
			files = (
			);
			runOnlyForDeploymentPostprocessing = 0;
		};
		1548C4D42BE9EE000095B9D2 /* Frameworks */ = {
			isa = PBXFrameworksBuildPhase;
			buildActionMask = 2147483647;
			files = (
			);
			runOnlyForDeploymentPostprocessing = 0;
		};
		1548C4DE2BE9EE000095B9D2 /* Frameworks */ = {
			isa = PBXFrameworksBuildPhase;
			buildActionMask = 2147483647;
			files = (
			);
			runOnlyForDeploymentPostprocessing = 0;
		};
		159C497F2C1C5DC600ADD0B2 /* Frameworks */ = {
			isa = PBXFrameworksBuildPhase;
			buildActionMask = 2147483647;
			files = (
			);
			runOnlyForDeploymentPostprocessing = 0;
		};
		15EF28482BFC257E006BB7FE /* Frameworks */ = {
			isa = PBXFrameworksBuildPhase;
			buildActionMask = 2147483647;
			files = (
			);
			runOnlyForDeploymentPostprocessing = 0;
		};
/* End PBXFrameworksBuildPhase section */

/* Begin PBXGroup section */
		1548C4BE2BE9EDFF0095B9D2 = {
			isa = PBXGroup;
			children = (
				1548C4C92BE9EDFF0095B9D2 /* Landmarks */,
				1548C4DA2BE9EE000095B9D2 /* LandmarksTests */,
				1548C4E42BE9EE000095B9D2 /* LandmarksUITests */,
				15EF284C2BFC257E006BB7FE /* WatchLandmarks Watch App */,
				159C49832C1C5DC600ADD0B2 /* MacLandmarks */,
				1548C4C82BE9EDFF0095B9D2 /* Products */,
			);
			sourceTree = "<group>";
		};
		1548C4C82BE9EDFF0095B9D2 /* Products */ = {
			isa = PBXGroup;
			children = (
				1548C4C72BE9EDFF0095B9D2 /* Landmarks.app */,
				1548C4D72BE9EE000095B9D2 /* LandmarksTests.xctest */,
				1548C4E12BE9EE000095B9D2 /* LandmarksUITests.xctest */,
				15EF284B2BFC257E006BB7FE /* WatchLandmarks Watch App.app */,
				159C49822C1C5DC600ADD0B2 /* MacLandmarks.app */,
			);
			name = Products;
			sourceTree = "<group>";
		};
		1548C4C92BE9EDFF0095B9D2 /* Landmarks */ = {
			isa = PBXGroup;
			children = (
				1548C4CA2BE9EDFF0095B9D2 /* LandmarksApp.swift */,
				1548C5072BE9F7140095B9D2 /* Resources */,
				1548C4D02BE9EE000095B9D2 /* Preview Content */,
				1548C51A2BE9F8E00095B9D2 /* Model */,
				1548C5192BE9F8DB0095B9D2 /* View */,
				1548C4CE2BE9EE000095B9D2 /* Assets.xcassets */,
			);
			path = Landmarks;
			sourceTree = "<group>";
		};
		1548C4D02BE9EE000095B9D2 /* Preview Content */ = {
			isa = PBXGroup;
			children = (
				1548C4D12BE9EE000095B9D2 /* Preview Assets.xcassets */,
			);
			path = "Preview Content";
			sourceTree = "<group>";
		};
		1548C4DA2BE9EE000095B9D2 /* LandmarksTests */ = {
			isa = PBXGroup;
			children = (
				1548C4DB2BE9EE000095B9D2 /* LandmarksTests.swift */,
			);
			path = LandmarksTests;
			sourceTree = "<group>";
		};
		1548C4E42BE9EE000095B9D2 /* LandmarksUITests */ = {
			isa = PBXGroup;
			children = (
				1548C4E52BE9EE000095B9D2 /* LandmarksUITests.swift */,
				1548C4E72BE9EE000095B9D2 /* LandmarksUITestsLaunchTests.swift */,
			);
			path = LandmarksUITests;
			sourceTree = "<group>";
		};
		1548C5032BE9F7140095B9D2 /* Images */ = {
			isa = PBXGroup;
			children = (
				1548C4F82BE9F7140095B9D2 /* charleyrivers@2x.jpg */,
				1548C4F92BE9F7140095B9D2 /* chilkoottrail@2x.jpg */,
				1548C4FA2BE9F7140095B9D2 /* chincoteague@2x.jpg */,
				1548C4FB2BE9F7140095B9D2 /* hiddenlake@2x.jpg */,
				1548C4FC2BE9F7140095B9D2 /* icybay@2x.jpg */,
				1548C4FD2BE9F7140095B9D2 /* lakemcdonald@2x.jpg */,
				1548C4FE2BE9F7140095B9D2 /* rainbowlake@2x.jpg */,
				1548C4FF2BE9F7140095B9D2 /* silversalmoncreek@2x.jpg */,
				1548C5002BE9F7140095B9D2 /* stmarylake@2x.jpg */,
				1548C5012BE9F7140095B9D2 /* twinlake@2x.jpg */,
				1548C5022BE9F7140095B9D2 /* umbagog@2x.jpg */,
			);
			path = Images;
			sourceTree = "<group>";
		};
		1548C5072BE9F7140095B9D2 /* Resources */ = {
			isa = PBXGroup;
			children = (
				1548C5302BEA2B950095B9D2 /* hikeData.json */,
				1548C5062BE9F7140095B9D2 /* landmarkData.json */,
				1548C5032BE9F7140095B9D2 /* Images */,
			);
			path = Resources;
			sourceTree = "<group>";
		};
		1548C5192BE9F8DB0095B9D2 /* View */ = {
			isa = PBXGroup;
			children = (
				15F6D23A2BEF165B00E114EF /* PageView */,
				15F6D2312BEE4AFA00E114EF /* Profiles */,
				15F6D2282BEE3CC100E114EF /* Categories */,
				1548C5382BEA2DDC0095B9D2 /* Hikes */,
				1548C4CC2BE9EDFF0095B9D2 /* ContentView.swift */,
				1548C5252BEA1E4B0095B9D2 /* Badges */,
				1548C5242BEA1BC10095B9D2 /* Helper */,
				1548C5232BEA1BB50095B9D2 /* Landmarks */,
			);
			path = View;
			sourceTree = "<group>";
		};
		1548C51A2BE9F8E00095B9D2 /* Model */ = {
			isa = PBXGroup;
			children = (
				1548C5172BE9F8A10095B9D2 /* ModelData.swift */,
				1548C5152BE9F7510095B9D2 /* Landmark.swift */,
				1548C5322BEA2C9F0095B9D2 /* Hike.swift */,
				15F6D22F2BEE481500E114EF /* Profile.swift */,
			);
			path = Model;
			sourceTree = "<group>";
		};
		1548C5232BEA1BB50095B9D2 /* Landmarks */ = {
			isa = PBXGroup;
			children = (
				159C49A22C1C68F000ADD0B2 /* LandmarkCommands.swift */,
				1548C51D2BE9FD790095B9D2 /* LandmarkList.swift */,
				1548C51F2BE9FEF50095B9D2 /* LandmarkDetail.swift */,
				1548C51B2BE9FB5B0095B9D2 /* LandmarkRow.swift */,
				159C49A82C1C717500ADD0B2 /* LandmarkSettings.swift */,
			);
			path = Landmarks;
			sourceTree = "<group>";
		};
		1548C5242BEA1BC10095B9D2 /* Helper */ = {
			isa = PBXGroup;
			children = (
				1548C4F42BE9F3640095B9D2 /* CircleImage.swift */,
				1548C4F62BE9F3BF0095B9D2 /* MapView.swift */,
				1548C5212BEA1ADA0095B9D2 /* FavoriteButton.swift */,
			);
			path = Helper;
			sourceTree = "<group>";
		};
		1548C5252BEA1E4B0095B9D2 /* Badges */ = {
			isa = PBXGroup;
			children = (
				1548C5262BEA1E730095B9D2 /* HexagonParameters.swift */,
				1548C5282BEA20370095B9D2 /* BadgeBackground.swift */,
				1548C52A2BEA244F0095B9D2 /* BadgeSymbol.swift */,
				1548C52C2BEA29D60095B9D2 /* RotatedBadgeSymbol.swift */,
				1548C52E2BEA2A3F0095B9D2 /* Badge.swift */,
			);
			path = Badges;
			sourceTree = "<group>";
		};
		1548C5382BEA2DDC0095B9D2 /* Hikes */ = {
			isa = PBXGroup;
			children = (
				1548C5342BEA2DDC0095B9D2 /* GraphCapsule.swift */,
				1548C5352BEA2DDC0095B9D2 /* HikeDetail.swift */,
				1548C5362BEA2DDC0095B9D2 /* HikeGraph.swift */,
				1548C5372BEA2DDC0095B9D2 /* HikeView.swift */,
				15F6D2362BEE632000E114EF /* HikeBadge.swift */,
			);
			path = Hikes;
			sourceTree = "<group>";
		};
		159C49832C1C5DC600ADD0B2 /* MacLandmarks */ = {
			isa = PBXGroup;
			children = (
				159C49862C1C5DC600ADD0B2 /* ContentView.swift */,
				159C49882C1C5DC800ADD0B2 /* Assets.xcassets */,
				159C498D2C1C5DC800ADD0B2 /* MacLandmarks.entitlements */,
				159C498A2C1C5DC800ADD0B2 /* Preview Content */,
				159C499E2C1C5F9B00ADD0B2 /* LandmarkDetail.swift */,
			);
			path = MacLandmarks;
			sourceTree = "<group>";
		};
		159C498A2C1C5DC800ADD0B2 /* Preview Content */ = {
			isa = PBXGroup;
			children = (
				159C498B2C1C5DC800ADD0B2 /* Preview Assets.xcassets */,
			);
			path = "Preview Content";
			sourceTree = "<group>";
		};
		15EF284C2BFC257E006BB7FE /* WatchLandmarks Watch App */ = {
			isa = PBXGroup;
			children = (
				15EF284F2BFC257E006BB7FE /* ContentView.swift */,
				15EF28512BFC257F006BB7FE /* Assets.xcassets */,
				15EF28532BFC257F006BB7FE /* Preview Content */,
				15EF28722BFC8D50006BB7FE /* LandmarkDetail.swift */,
				159C49792C1C566300ADD0B2 /* NotificationView.swift */,
				159C497B2C1C575C00ADD0B2 /* NotificationController.swift */,
				159C497D2C1C5B1400ADD0B2 /* PushNotificationPayload.apns */,
				159C49A02C1C63AF00ADD0B2 /* LandmarkList.swift */,
			);
			path = "WatchLandmarks Watch App";
			sourceTree = "<group>";
		};
		15EF28532BFC257F006BB7FE /* Preview Content */ = {
			isa = PBXGroup;
			children = (
				15EF28542BFC257F006BB7FE /* Preview Assets.xcassets */,
			);
			path = "Preview Content";
			sourceTree = "<group>";
		};
		15F6D2282BEE3CC100E114EF /* Categories */ = {
			isa = PBXGroup;
			children = (
				15F6D2292BEE3CDB00E114EF /* CategoryHome.swift */,
				15F6D22B2BEE403F00E114EF /* CategoryRow.swift */,
				15F6D22D2BEE417500E114EF /* CategoryItem.swift */,
			);
			path = Categories;
			sourceTree = "<group>";
		};
		15F6D2312BEE4AFA00E114EF /* Profiles */ = {
			isa = PBXGroup;
			children = (
				15F6D2322BEE4B4D00E114EF /* ProfileHost.swift */,
				15F6D2342BEE4CDD00E114EF /* ProfileSummary.swift */,
				15F6D2382BEF138000E114EF /* ProfileEditor.swift */,
			);
			path = Profiles;
			sourceTree = "<group>";
		};
		15F6D23A2BEF165B00E114EF /* PageView */ = {
			isa = PBXGroup;
			children = (
				15F6D23B2BEF16D100E114EF /* PageViewController.swift */,
			);
			path = PageView;
			sourceTree = "<group>";
		};
/* End PBXGroup section */

/* Begin PBXNativeTarget section */
		1548C4C62BE9EDFF0095B9D2 /* Landmarks */ = {
			isa = PBXNativeTarget;
			buildConfigurationList = 1548C4EB2BE9EE000095B9D2 /* Build configuration list for PBXNativeTarget "Landmarks" */;
			buildPhases = (
				1548C4C32BE9EDFF0095B9D2 /* Sources */,
				1548C4C42BE9EDFF0095B9D2 /* Frameworks */,
				1548C4C52BE9EDFF0095B9D2 /* Resources */,
				15EF285C2BFC257F006BB7FE /* Embed Watch Content */,
			);
			buildRules = (
			);
			dependencies = (
				15EF28572BFC257F006BB7FE /* PBXTargetDependency */,
			);
			name = Landmarks;
			productName = Landmarks;
			productReference = 1548C4C72BE9EDFF0095B9D2 /* Landmarks.app */;
			productType = "com.apple.product-type.application";
		};
		1548C4D62BE9EE000095B9D2 /* LandmarksTests */ = {
			isa = PBXNativeTarget;
			buildConfigurationList = 1548C4EE2BE9EE000095B9D2 /* Build configuration list for PBXNativeTarget "LandmarksTests" */;
			buildPhases = (
				1548C4D32BE9EE000095B9D2 /* Sources */,
				1548C4D42BE9EE000095B9D2 /* Frameworks */,
				1548C4D52BE9EE000095B9D2 /* Resources */,
			);
			buildRules = (
			);
			dependencies = (
				1548C4D92BE9EE000095B9D2 /* PBXTargetDependency */,
			);
			name = LandmarksTests;
			productName = LandmarksTests;
			productReference = 1548C4D72BE9EE000095B9D2 /* LandmarksTests.xctest */;
			productType = "com.apple.product-type.bundle.unit-test";
		};
		1548C4E02BE9EE000095B9D2 /* LandmarksUITests */ = {
			isa = PBXNativeTarget;
			buildConfigurationList = 1548C4F12BE9EE000095B9D2 /* Build configuration list for PBXNativeTarget "LandmarksUITests" */;
			buildPhases = (
				1548C4DD2BE9EE000095B9D2 /* Sources */,
				1548C4DE2BE9EE000095B9D2 /* Frameworks */,
				1548C4DF2BE9EE000095B9D2 /* Resources */,
			);
			buildRules = (
			);
			dependencies = (
				1548C4E32BE9EE000095B9D2 /* PBXTargetDependency */,
			);
			name = LandmarksUITests;
			productName = LandmarksUITests;
			productReference = 1548C4E12BE9EE000095B9D2 /* LandmarksUITests.xctest */;
			productType = "com.apple.product-type.bundle.ui-testing";
		};
		159C49812C1C5DC600ADD0B2 /* MacLandmarks */ = {
			isa = PBXNativeTarget;
			buildConfigurationList = 159C498E2C1C5DC800ADD0B2 /* Build configuration list for PBXNativeTarget "MacLandmarks" */;
			buildPhases = (
				159C497E2C1C5DC600ADD0B2 /* Sources */,
				159C497F2C1C5DC600ADD0B2 /* Frameworks */,
				159C49802C1C5DC600ADD0B2 /* Resources */,
			);
			buildRules = (
			);
			dependencies = (
			);
			name = MacLandmarks;
			productName = MacLandmarks;
			productReference = 159C49822C1C5DC600ADD0B2 /* MacLandmarks.app */;
			productType = "com.apple.product-type.application";
		};
		15EF284A2BFC257E006BB7FE /* WatchLandmarks Watch App */ = {
			isa = PBXNativeTarget;
			buildConfigurationList = 15EF28592BFC257F006BB7FE /* Build configuration list for PBXNativeTarget "WatchLandmarks Watch App" */;
			buildPhases = (
				15EF28472BFC257E006BB7FE /* Sources */,
				15EF28482BFC257E006BB7FE /* Frameworks */,
				15EF28492BFC257E006BB7FE /* Resources */,
			);
			buildRules = (
			);
			dependencies = (
			);
			name = "WatchLandmarks Watch App";
			productName = "WatchLandmarks Watch App";
			productReference = 15EF284B2BFC257E006BB7FE /* WatchLandmarks Watch App.app */;
			productType = "com.apple.product-type.application";
		};
/* End PBXNativeTarget section */

/* Begin PBXProject section */
		1548C4BF2BE9EDFF0095B9D2 /* Project object */ = {
			isa = PBXProject;
			attributes = {
				BuildIndependentTargetsInParallel = 1;
				LastSwiftUpdateCheck = 1540;
				LastUpgradeCheck = 1530;
				TargetAttributes = {
					1548C4C62BE9EDFF0095B9D2 = {
						CreatedOnToolsVersion = 15.3;
					};
					1548C4D62BE9EE000095B9D2 = {
						CreatedOnToolsVersion = 15.3;
						TestTargetID = 1548C4C62BE9EDFF0095B9D2;
					};
					1548C4E02BE9EE000095B9D2 = {
						CreatedOnToolsVersion = 15.3;
						TestTargetID = 1548C4C62BE9EDFF0095B9D2;
					};
					159C49812C1C5DC600ADD0B2 = {
						CreatedOnToolsVersion = 15.4;
					};
					15EF284A2BFC257E006BB7FE = {
						CreatedOnToolsVersion = 15.4;
					};
				};
			};
			buildConfigurationList = 1548C4C22BE9EDFF0095B9D2 /* Build configuration list for PBXProject "Landmarks" */;
			compatibilityVersion = "Xcode 14.0";
			developmentRegion = en;
			hasScannedForEncodings = 0;
			knownRegions = (
				en,
				Base,
			);
			mainGroup = 1548C4BE2BE9EDFF0095B9D2;
			productRefGroup = 1548C4C82BE9EDFF0095B9D2 /* Products */;
			projectDirPath = "";
			projectRoot = "";
			targets = (
				1548C4C62BE9EDFF0095B9D2 /* Landmarks */,
				1548C4D62BE9EE000095B9D2 /* LandmarksTests */,
				1548C4E02BE9EE000095B9D2 /* LandmarksUITests */,
				15EF284A2BFC257E006BB7FE /* WatchLandmarks Watch App */,
				159C49812C1C5DC600ADD0B2 /* MacLandmarks */,
			);
		};
/* End PBXProject section */

/* Begin PBXResourcesBuildPhase section */
		1548C4C52BE9EDFF0095B9D2 /* Resources */ = {
			isa = PBXResourcesBuildPhase;
			buildActionMask = 2147483647;
			files = (
				1548C5102BE9F7140095B9D2 /* stmarylake@2x.jpg in Resources */,
				1548C50F2BE9F7140095B9D2 /* silversalmoncreek@2x.jpg in Resources */,
				1548C4D22BE9EE000095B9D2 /* Preview Assets.xcassets in Resources */,
				1548C5112BE9F7140095B9D2 /* twinlake@2x.jpg in Resources */,
				1548C5312BEA2B960095B9D2 /* hikeData.json in Resources */,
				1548C4CF2BE9EE000095B9D2 /* Assets.xcassets in Resources */,
				1548C5092BE9F7140095B9D2 /* chilkoottrail@2x.jpg in Resources */,
				1548C50D2BE9F7140095B9D2 /* lakemcdonald@2x.jpg in Resources */,
				1548C5142BE9F7140095B9D2 /* landmarkData.json in Resources */,
				1548C50E2BE9F7140095B9D2 /* rainbowlake@2x.jpg in Resources */,
				1548C5122BE9F7140095B9D2 /* umbagog@2x.jpg in Resources */,
				1548C50B2BE9F7140095B9D2 /* hiddenlake@2x.jpg in Resources */,
				1548C50C2BE9F7140095B9D2 /* icybay@2x.jpg in Resources */,
				1548C50A2BE9F7140095B9D2 /* chincoteague@2x.jpg in Resources */,
				1548C5082BE9F7140095B9D2 /* charleyrivers@2x.jpg in Resources */,
			);
			runOnlyForDeploymentPostprocessing = 0;
		};
		1548C4D52BE9EE000095B9D2 /* Resources */ = {
			isa = PBXResourcesBuildPhase;
			buildActionMask = 2147483647;
			files = (
			);
			runOnlyForDeploymentPostprocessing = 0;
		};
		1548C4DF2BE9EE000095B9D2 /* Resources */ = {
			isa = PBXResourcesBuildPhase;
			buildActionMask = 2147483647;
			files = (
			);
			runOnlyForDeploymentPostprocessing = 0;
		};
		159C49802C1C5DC600ADD0B2 /* Resources */ = {
			isa = PBXResourcesBuildPhase;
			buildActionMask = 2147483647;
			files = (
				159C49912C1C5EE100ADD0B2 /* Assets.xcassets in Resources */,
				159C49922C1C5EE100ADD0B2 /* landmarkData.json in Resources */,
				159C49932C1C5EE100ADD0B2 /* hikeData.json in Resources */,
				159C498C2C1C5DC800ADD0B2 /* Preview Assets.xcassets in Resources */,
				159C49892C1C5DC800ADD0B2 /* Assets.xcassets in Resources */,
			);
			runOnlyForDeploymentPostprocessing = 0;
		};
		15EF28492BFC257E006BB7FE /* Resources */ = {
			isa = PBXResourcesBuildPhase;
			buildActionMask = 2147483647;
			files = (
				15EF28552BFC257F006BB7FE /* Preview Assets.xcassets in Resources */,
				15EF28612BFC8C37006BB7FE /* landmarkData.json in Resources */,
				15EF28622BFC8C37006BB7FE /* hikeData.json in Resources */,
				15EF286D2BFC8C5C006BB7FE /* Assets.xcassets in Resources */,
				15EF28522BFC257F006BB7FE /* Assets.xcassets in Resources */,
			);
			runOnlyForDeploymentPostprocessing = 0;
		};
/* End PBXResourcesBuildPhase section */

/* Begin PBXSourcesBuildPhase section */
		1548C4C32BE9EDFF0095B9D2 /* Sources */ = {
			isa = PBXSourcesBuildPhase;
			buildActionMask = 2147483647;
			files = (
				15F6D22C2BEE403F00E114EF /* CategoryRow.swift in Sources */,
				15F6D2302BEE481500E114EF /* Profile.swift in Sources */,
				1548C4CD2BE9EDFF0095B9D2 /* ContentView.swift in Sources */,
				15F6D22A2BEE3CDB00E114EF /* CategoryHome.swift in Sources */,
				1548C52F2BEA2A3F0095B9D2 /* Badge.swift in Sources */,
				1548C4F72BE9F3BF0095B9D2 /* MapView.swift in Sources */,
				1548C5392BEA2DDC0095B9D2 /* GraphCapsule.swift in Sources */,
				1548C53B2BEA2DDC0095B9D2 /* HikeGraph.swift in Sources */,
				1548C4CB2BE9EDFF0095B9D2 /* LandmarksApp.swift in Sources */,
				1548C5222BEA1ADA0095B9D2 /* FavoriteButton.swift in Sources */,
				15F6D22E2BEE417500E114EF /* CategoryItem.swift in Sources */,
				1548C51E2BE9FD790095B9D2 /* LandmarkList.swift in Sources */,
				15F6D2352BEE4CDD00E114EF /* ProfileSummary.swift in Sources */,
				1548C5332BEA2C9F0095B9D2 /* Hike.swift in Sources */,
				15F6D2332BEE4B4D00E114EF /* ProfileHost.swift in Sources */,
				1548C52D2BEA29D60095B9D2 /* RotatedBadgeSymbol.swift in Sources */,
				1548C52B2BEA244F0095B9D2 /* BadgeSymbol.swift in Sources */,
				1548C5202BE9FEF50095B9D2 /* LandmarkDetail.swift in Sources */,
				15F6D2392BEF138000E114EF /* ProfileEditor.swift in Sources */,
				1548C53A2BEA2DDC0095B9D2 /* HikeDetail.swift in Sources */,
				1548C53C2BEA2DDC0095B9D2 /* HikeView.swift in Sources */,
				1548C4F52BE9F3640095B9D2 /* CircleImage.swift in Sources */,
				15F6D23C2BEF16D100E114EF /* PageViewController.swift in Sources */,
				159C49A32C1C68F000ADD0B2 /* LandmarkCommands.swift in Sources */,
				1548C5292BEA20370095B9D2 /* BadgeBackground.swift in Sources */,
				15F6D2372BEE632000E114EF /* HikeBadge.swift in Sources */,
				1548C5162BE9F7510095B9D2 /* Landmark.swift in Sources */,
				1548C5272BEA1E730095B9D2 /* HexagonParameters.swift in Sources */,
				1548C51C2BE9FB5B0095B9D2 /* LandmarkRow.swift in Sources */,
				1548C5182BE9F8A10095B9D2 /* ModelData.swift in Sources */,
			);
			runOnlyForDeploymentPostprocessing = 0;
		};
		1548C4D32BE9EE000095B9D2 /* Sources */ = {
			isa = PBXSourcesBuildPhase;
			buildActionMask = 2147483647;
			files = (
				1548C4DC2BE9EE000095B9D2 /* LandmarksTests.swift in Sources */,
			);
			runOnlyForDeploymentPostprocessing = 0;
		};
		1548C4DD2BE9EE000095B9D2 /* Sources */ = {
			isa = PBXSourcesBuildPhase;
			buildActionMask = 2147483647;
			files = (
				1548C4E82BE9EE000095B9D2 /* LandmarksUITestsLaunchTests.swift in Sources */,
				1548C4E62BE9EE000095B9D2 /* LandmarksUITests.swift in Sources */,
			);
			runOnlyForDeploymentPostprocessing = 0;
		};
		159C497E2C1C5DC600ADD0B2 /* Sources */ = {
			isa = PBXSourcesBuildPhase;
			buildActionMask = 2147483647;
			files = (
				159C49942C1C5EE100ADD0B2 /* Hike.swift in Sources */,
				159C49952C1C5EE100ADD0B2 /* FavoriteButton.swift in Sources */,
				159C49A92C1C717500ADD0B2 /* LandmarkSettings.swift in Sources */,
				159C49962C1C5EE100ADD0B2 /* CircleImage.swift in Sources */,
				159C49972C1C5EE100ADD0B2 /* Landmark.swift in Sources */,
				159C49A42C1C68F000ADD0B2 /* LandmarkCommands.swift in Sources */,
				159C499F2C1C5F9B00ADD0B2 /* LandmarkDetail.swift in Sources */,
				159C49982C1C5EE100ADD0B2 /* Profile.swift in Sources */,
				159C49992C1C5EE100ADD0B2 /* MapView.swift in Sources */,
				159C499A2C1C5EE100ADD0B2 /* ModelData.swift in Sources */,
				159C499B2C1C5EE100ADD0B2 /* LandmarkRow.swift in Sources */,
				159C499C2C1C5EE100ADD0B2 /* LandmarkList.swift in Sources */,
				159C499D2C1C5EE100ADD0B2 /* LandmarksApp.swift in Sources */,
				159C49872C1C5DC600ADD0B2 /* ContentView.swift in Sources */,
			);
			runOnlyForDeploymentPostprocessing = 0;
		};
		15EF28472BFC257E006BB7FE /* Sources */ = {
			isa = PBXSourcesBuildPhase;
			buildActionMask = 2147483647;
			files = (
				15EF28502BFC257E006BB7FE /* ContentView.swift in Sources */,
				15EF28652BFC8C37006BB7FE /* LandmarkRow.swift in Sources */,
				159C49A12C1C63AF00ADD0B2 /* LandmarkList.swift in Sources */,
				15EF28662BFC8C37006BB7FE /* Landmark.swift in Sources */,
				15EF28672BFC8C37006BB7FE /* Hike.swift in Sources */,
				15EF28682BFC8C37006BB7FE /* Profile.swift in Sources */,
				15EF28692BFC8C37006BB7FE /* LandmarksApp.swift in Sources */,
				15EF286A2BFC8C37006BB7FE /* MapView.swift in Sources */,
				15EF286B2BFC8C37006BB7FE /* ModelData.swift in Sources */,
				159C497C2C1C575C00ADD0B2 /* NotificationController.swift in Sources */,
				15EF286C2BFC8C37006BB7FE /* CircleImage.swift in Sources */,
				15EF28732BFC8D50006BB7FE /* LandmarkDetail.swift in Sources */,
				159C497A2C1C566300ADD0B2 /* NotificationView.swift in Sources */,
			);
			runOnlyForDeploymentPostprocessing = 0;
		};
/* End PBXSourcesBuildPhase section */

/* Begin PBXTargetDependency section */
		1548C4D92BE9EE000095B9D2 /* PBXTargetDependency */ = {
			isa = PBXTargetDependency;
			target = 1548C4C62BE9EDFF0095B9D2 /* Landmarks */;
			targetProxy = 1548C4D82BE9EE000095B9D2 /* PBXContainerItemProxy */;
		};
		1548C4E32BE9EE000095B9D2 /* PBXTargetDependency */ = {
			isa = PBXTargetDependency;
			target = 1548C4C62BE9EDFF0095B9D2 /* Landmarks */;
			targetProxy = 1548C4E22BE9EE000095B9D2 /* PBXContainerItemProxy */;
		};
		15EF28572BFC257F006BB7FE /* PBXTargetDependency */ = {
			isa = PBXTargetDependency;
			target = 15EF284A2BFC257E006BB7FE /* WatchLandmarks Watch App */;
			targetProxy = 15EF28562BFC257F006BB7FE /* PBXContainerItemProxy */;
		};
/* End PBXTargetDependency section */

/* Begin XCBuildConfiguration section */
		1548C4E92BE9EE000095B9D2 /* Debug */ = {
			isa = XCBuildConfiguration;
			buildSettings = {
				ALWAYS_SEARCH_USER_PATHS = NO;
				ASSETCATALOG_COMPILER_GENERATE_SWIFT_ASSET_SYMBOL_EXTENSIONS = YES;
				CLANG_ANALYZER_NONNULL = YES;
				CLANG_ANALYZER_NUMBER_OBJECT_CONVERSION = YES_AGGRESSIVE;
				CLANG_CXX_LANGUAGE_STANDARD = "gnu++20";
				CLANG_ENABLE_MODULES = YES;
				CLANG_ENABLE_OBJC_ARC = YES;
				CLANG_ENABLE_OBJC_WEAK = YES;
				CLANG_WARN_BLOCK_CAPTURE_AUTORELEASING = YES;
				CLANG_WARN_BOOL_CONVERSION = YES;
				CLANG_WARN_COMMA = YES;
				CLANG_WARN_CONSTANT_CONVERSION = YES;
				CLANG_WARN_DEPRECATED_OBJC_IMPLEMENTATIONS = YES;
				CLANG_WARN_DIRECT_OBJC_ISA_USAGE = YES_ERROR;
				CLANG_WARN_DOCUMENTATION_COMMENTS = YES;
				CLANG_WARN_EMPTY_BODY = YES;
				CLANG_WARN_ENUM_CONVERSION = YES;
				CLANG_WARN_INFINITE_RECURSION = YES;
				CLANG_WARN_INT_CONVERSION = YES;
				CLANG_WARN_NON_LITERAL_NULL_CONVERSION = YES;
				CLANG_WARN_OBJC_IMPLICIT_RETAIN_SELF = YES;
				CLANG_WARN_OBJC_LITERAL_CONVERSION = YES;
				CLANG_WARN_OBJC_ROOT_CLASS = YES_ERROR;
				CLANG_WARN_QUOTED_INCLUDE_IN_FRAMEWORK_HEADER = YES;
				CLANG_WARN_RANGE_LOOP_ANALYSIS = YES;
				CLANG_WARN_STRICT_PROTOTYPES = YES;
				CLANG_WARN_SUSPICIOUS_MOVE = YES;
				CLANG_WARN_UNGUARDED_AVAILABILITY = YES_AGGRESSIVE;
				CLANG_WARN_UNREACHABLE_CODE = YES;
				CLANG_WARN__DUPLICATE_METHOD_MATCH = YES;
				COPY_PHASE_STRIP = NO;
				DEBUG_INFORMATION_FORMAT = dwarf;
				ENABLE_STRICT_OBJC_MSGSEND = YES;
				ENABLE_TESTABILITY = YES;
				ENABLE_USER_SCRIPT_SANDBOXING = YES;
				GCC_C_LANGUAGE_STANDARD = gnu17;
				GCC_DYNAMIC_NO_PIC = NO;
				GCC_NO_COMMON_BLOCKS = YES;
				GCC_OPTIMIZATION_LEVEL = 0;
				GCC_PREPROCESSOR_DEFINITIONS = (
					"DEBUG=1",
					"$(inherited)",
				);
				GCC_WARN_64_TO_32_BIT_CONVERSION = YES;
				GCC_WARN_ABOUT_RETURN_TYPE = YES_ERROR;
				GCC_WARN_UNDECLARED_SELECTOR = YES;
				GCC_WARN_UNINITIALIZED_AUTOS = YES_AGGRESSIVE;
				GCC_WARN_UNUSED_FUNCTION = YES;
				GCC_WARN_UNUSED_VARIABLE = YES;
				IPHONEOS_DEPLOYMENT_TARGET = 17.4;
				LOCALIZATION_PREFERS_STRING_CATALOGS = YES;
				MTL_ENABLE_DEBUG_INFO = INCLUDE_SOURCE;
				MTL_FAST_MATH = YES;
				ONLY_ACTIVE_ARCH = YES;
				SDKROOT = iphoneos;
				SWIFT_ACTIVE_COMPILATION_CONDITIONS = "DEBUG $(inherited)";
				SWIFT_OPTIMIZATION_LEVEL = "-Onone";
			};
			name = Debug;
		};
		1548C4EA2BE9EE000095B9D2 /* Release */ = {
			isa = XCBuildConfiguration;
			buildSettings = {
				ALWAYS_SEARCH_USER_PATHS = NO;
				ASSETCATALOG_COMPILER_GENERATE_SWIFT_ASSET_SYMBOL_EXTENSIONS = YES;
				CLANG_ANALYZER_NONNULL = YES;
				CLANG_ANALYZER_NUMBER_OBJECT_CONVERSION = YES_AGGRESSIVE;
				CLANG_CXX_LANGUAGE_STANDARD = "gnu++20";
				CLANG_ENABLE_MODULES = YES;
				CLANG_ENABLE_OBJC_ARC = YES;
				CLANG_ENABLE_OBJC_WEAK = YES;
				CLANG_WARN_BLOCK_CAPTURE_AUTORELEASING = YES;
				CLANG_WARN_BOOL_CONVERSION = YES;
				CLANG_WARN_COMMA = YES;
				CLANG_WARN_CONSTANT_CONVERSION = YES;
				CLANG_WARN_DEPRECATED_OBJC_IMPLEMENTATIONS = YES;
				CLANG_WARN_DIRECT_OBJC_ISA_USAGE = YES_ERROR;
				CLANG_WARN_DOCUMENTATION_COMMENTS = YES;
				CLANG_WARN_EMPTY_BODY = YES;
				CLANG_WARN_ENUM_CONVERSION = YES;
				CLANG_WARN_INFINITE_RECURSION = YES;
				CLANG_WARN_INT_CONVERSION = YES;
				CLANG_WARN_NON_LITERAL_NULL_CONVERSION = YES;
				CLANG_WARN_OBJC_IMPLICIT_RETAIN_SELF = YES;
				CLANG_WARN_OBJC_LITERAL_CONVERSION = YES;
				CLANG_WARN_OBJC_ROOT_CLASS = YES_ERROR;
				CLANG_WARN_QUOTED_INCLUDE_IN_FRAMEWORK_HEADER = YES;
				CLANG_WARN_RANGE_LOOP_ANALYSIS = YES;
				CLANG_WARN_STRICT_PROTOTYPES = YES;
				CLANG_WARN_SUSPICIOUS_MOVE = YES;
				CLANG_WARN_UNGUARDED_AVAILABILITY = YES_AGGRESSIVE;
				CLANG_WARN_UNREACHABLE_CODE = YES;
				CLANG_WARN__DUPLICATE_METHOD_MATCH = YES;
				COPY_PHASE_STRIP = NO;
				DEBUG_INFORMATION_FORMAT = "dwarf-with-dsym";
				ENABLE_NS_ASSERTIONS = NO;
				ENABLE_STRICT_OBJC_MSGSEND = YES;
				ENABLE_USER_SCRIPT_SANDBOXING = YES;
				GCC_C_LANGUAGE_STANDARD = gnu17;
				GCC_NO_COMMON_BLOCKS = YES;
				GCC_WARN_64_TO_32_BIT_CONVERSION = YES;
				GCC_WARN_ABOUT_RETURN_TYPE = YES_ERROR;
				GCC_WARN_UNDECLARED_SELECTOR = YES;
				GCC_WARN_UNINITIALIZED_AUTOS = YES_AGGRESSIVE;
				GCC_WARN_UNUSED_FUNCTION = YES;
				GCC_WARN_UNUSED_VARIABLE = YES;
				IPHONEOS_DEPLOYMENT_TARGET = 17.4;
				LOCALIZATION_PREFERS_STRING_CATALOGS = YES;
				MTL_ENABLE_DEBUG_INFO = NO;
				MTL_FAST_MATH = YES;
				SDKROOT = iphoneos;
				SWIFT_COMPILATION_MODE = wholemodule;
				VALIDATE_PRODUCT = YES;
			};
			name = Release;
		};
		1548C4EC2BE9EE000095B9D2 /* Debug */ = {
			isa = XCBuildConfiguration;
			buildSettings = {
				ALWAYS_EMBED_SWIFT_STANDARD_LIBRARIES = YES;
				ASSETCATALOG_COMPILER_APPICON_NAME = AppIcon;
				ASSETCATALOG_COMPILER_GLOBAL_ACCENT_COLOR_NAME = AccentColor;
				CODE_SIGN_STYLE = Automatic;
				CURRENT_PROJECT_VERSION = 1;
				DEVELOPMENT_ASSET_PATHS = "\"Landmarks/Preview Content\"";
				DEVELOPMENT_TEAM = 322PTHJ258;
				ENABLE_PREVIEWS = YES;
				GENERATE_INFOPLIST_FILE = YES;
				INFOPLIST_KEY_UIApplicationSceneManifest_Generation = YES;
				INFOPLIST_KEY_UIApplicationSupportsIndirectInputEvents = YES;
				INFOPLIST_KEY_UILaunchScreen_Generation = YES;
				INFOPLIST_KEY_UISupportedInterfaceOrientations_iPad = "UIInterfaceOrientationPortrait UIInterfaceOrientationPortraitUpsideDown UIInterfaceOrientationLandscapeLeft UIInterfaceOrientationLandscapeRight";
				INFOPLIST_KEY_UISupportedInterfaceOrientations_iPhone = "UIInterfaceOrientationPortrait UIInterfaceOrientationLandscapeLeft UIInterfaceOrientationLandscapeRight";
				LD_RUNPATH_SEARCH_PATHS = (
					"$(inherited)",
					"@executable_path/Frameworks",
				);
				MARKETING_VERSION = 1.0;
				PRODUCT_BUNDLE_IDENTIFIER = name.dongharyu.Landmarks;
				PRODUCT_NAME = "$(TARGET_NAME)";
				SWIFT_EMIT_LOC_STRINGS = YES;
				SWIFT_VERSION = 5.0;
				TARGETED_DEVICE_FAMILY = "1,2";
			};
			name = Debug;
		};
		1548C4ED2BE9EE000095B9D2 /* Release */ = {
			isa = XCBuildConfiguration;
			buildSettings = {
				ALWAYS_EMBED_SWIFT_STANDARD_LIBRARIES = YES;
				ASSETCATALOG_COMPILER_APPICON_NAME = AppIcon;
				ASSETCATALOG_COMPILER_GLOBAL_ACCENT_COLOR_NAME = AccentColor;
				CODE_SIGN_STYLE = Automatic;
				CURRENT_PROJECT_VERSION = 1;
				DEVELOPMENT_ASSET_PATHS = "\"Landmarks/Preview Content\"";
				DEVELOPMENT_TEAM = 322PTHJ258;
				ENABLE_PREVIEWS = YES;
				GENERATE_INFOPLIST_FILE = YES;
				INFOPLIST_KEY_UIApplicationSceneManifest_Generation = YES;
				INFOPLIST_KEY_UIApplicationSupportsIndirectInputEvents = YES;
				INFOPLIST_KEY_UILaunchScreen_Generation = YES;
				INFOPLIST_KEY_UISupportedInterfaceOrientations_iPad = "UIInterfaceOrientationPortrait UIInterfaceOrientationPortraitUpsideDown UIInterfaceOrientationLandscapeLeft UIInterfaceOrientationLandscapeRight";
				INFOPLIST_KEY_UISupportedInterfaceOrientations_iPhone = "UIInterfaceOrientationPortrait UIInterfaceOrientationLandscapeLeft UIInterfaceOrientationLandscapeRight";
				LD_RUNPATH_SEARCH_PATHS = (
					"$(inherited)",
					"@executable_path/Frameworks",
				);
				MARKETING_VERSION = 1.0;
				PRODUCT_BUNDLE_IDENTIFIER = name.dongharyu.Landmarks;
				PRODUCT_NAME = "$(TARGET_NAME)";
				SWIFT_EMIT_LOC_STRINGS = YES;
				SWIFT_VERSION = 5.0;
				TARGETED_DEVICE_FAMILY = "1,2";
			};
			name = Release;
		};
		1548C4EF2BE9EE000095B9D2 /* Debug */ = {
			isa = XCBuildConfiguration;
			buildSettings = {
				ALWAYS_EMBED_SWIFT_STANDARD_LIBRARIES = YES;
				BUNDLE_LOADER = "$(TEST_HOST)";
				CODE_SIGN_STYLE = Automatic;
				CURRENT_PROJECT_VERSION = 1;
				DEVELOPMENT_TEAM = 322PTHJ258;
				GENERATE_INFOPLIST_FILE = YES;
				IPHONEOS_DEPLOYMENT_TARGET = 17.4;
				MARKETING_VERSION = 1.0;
				PRODUCT_BUNDLE_IDENTIFIER = name.dongharyu.LandmarksTests;
				PRODUCT_NAME = "$(TARGET_NAME)";
				SWIFT_EMIT_LOC_STRINGS = NO;
				SWIFT_VERSION = 5.0;
				TARGETED_DEVICE_FAMILY = "1,2";
				TEST_HOST = "$(BUILT_PRODUCTS_DIR)/Landmarks.app/$(BUNDLE_EXECUTABLE_FOLDER_PATH)/Landmarks";
			};
			name = Debug;
		};
		1548C4F02BE9EE000095B9D2 /* Release */ = {
			isa = XCBuildConfiguration;
			buildSettings = {
				ALWAYS_EMBED_SWIFT_STANDARD_LIBRARIES = YES;
				BUNDLE_LOADER = "$(TEST_HOST)";
				CODE_SIGN_STYLE = Automatic;
				CURRENT_PROJECT_VERSION = 1;
				DEVELOPMENT_TEAM = 322PTHJ258;
				GENERATE_INFOPLIST_FILE = YES;
				IPHONEOS_DEPLOYMENT_TARGET = 17.4;
				MARKETING_VERSION = 1.0;
				PRODUCT_BUNDLE_IDENTIFIER = name.dongharyu.LandmarksTests;
				PRODUCT_NAME = "$(TARGET_NAME)";
				SWIFT_EMIT_LOC_STRINGS = NO;
				SWIFT_VERSION = 5.0;
				TARGETED_DEVICE_FAMILY = "1,2";
				TEST_HOST = "$(BUILT_PRODUCTS_DIR)/Landmarks.app/$(BUNDLE_EXECUTABLE_FOLDER_PATH)/Landmarks";
			};
			name = Release;
		};
		1548C4F22BE9EE000095B9D2 /* Debug */ = {
			isa = XCBuildConfiguration;
			buildSettings = {
				ALWAYS_EMBED_SWIFT_STANDARD_LIBRARIES = YES;
				CODE_SIGN_STYLE = Automatic;
				CURRENT_PROJECT_VERSION = 1;
				DEVELOPMENT_TEAM = 322PTHJ258;
				GENERATE_INFOPLIST_FILE = YES;
				MARKETING_VERSION = 1.0;
				PRODUCT_BUNDLE_IDENTIFIER = name.dongharyu.LandmarksUITests;
				PRODUCT_NAME = "$(TARGET_NAME)";
				SWIFT_EMIT_LOC_STRINGS = NO;
				SWIFT_VERSION = 5.0;
				TARGETED_DEVICE_FAMILY = "1,2";
				TEST_TARGET_NAME = Landmarks;
			};
			name = Debug;
		};
		1548C4F32BE9EE000095B9D2 /* Release */ = {
			isa = XCBuildConfiguration;
			buildSettings = {
				ALWAYS_EMBED_SWIFT_STANDARD_LIBRARIES = YES;
				CODE_SIGN_STYLE = Automatic;
				CURRENT_PROJECT_VERSION = 1;
				DEVELOPMENT_TEAM = 322PTHJ258;
				GENERATE_INFOPLIST_FILE = YES;
				MARKETING_VERSION = 1.0;
				PRODUCT_BUNDLE_IDENTIFIER = name.dongharyu.LandmarksUITests;
				PRODUCT_NAME = "$(TARGET_NAME)";
				SWIFT_EMIT_LOC_STRINGS = NO;
				SWIFT_VERSION = 5.0;
				TARGETED_DEVICE_FAMILY = "1,2";
				TEST_TARGET_NAME = Landmarks;
			};
			name = Release;
		};
		159C498F2C1C5DC800ADD0B2 /* Debug */ = {
			isa = XCBuildConfiguration;
			buildSettings = {
				ASSETCATALOG_COMPILER_APPICON_NAME = AppIcon;
				ASSETCATALOG_COMPILER_GLOBAL_ACCENT_COLOR_NAME = AccentColor;
				CODE_SIGN_ENTITLEMENTS = MacLandmarks/MacLandmarks.entitlements;
				CODE_SIGN_STYLE = Automatic;
				COMBINE_HIDPI_IMAGES = YES;
				CURRENT_PROJECT_VERSION = 1;
				DEVELOPMENT_ASSET_PATHS = "\"MacLandmarks/Preview Content\"";
				DEVELOPMENT_TEAM = 322PTHJ258;
				ENABLE_HARDENED_RUNTIME = YES;
				ENABLE_PREVIEWS = YES;
				GENERATE_INFOPLIST_FILE = YES;
				INFOPLIST_KEY_NSHumanReadableCopyright = "";
				LD_RUNPATH_SEARCH_PATHS = (
					"$(inherited)",
					"@executable_path/../Frameworks",
				);
				MACOSX_DEPLOYMENT_TARGET = 14.4;
				MARKETING_VERSION = 1.0;
				PRODUCT_BUNDLE_IDENTIFIER = name.dongharyu.MacLandmarks;
				PRODUCT_NAME = "$(TARGET_NAME)";
				SDKROOT = macosx;
				SWIFT_EMIT_LOC_STRINGS = YES;
				SWIFT_VERSION = 5.0;
			};
			name = Debug;
		};
		159C49902C1C5DC800ADD0B2 /* Release */ = {
			isa = XCBuildConfiguration;
			buildSettings = {
				ASSETCATALOG_COMPILER_APPICON_NAME = AppIcon;
				ASSETCATALOG_COMPILER_GLOBAL_ACCENT_COLOR_NAME = AccentColor;
				CODE_SIGN_ENTITLEMENTS = MacLandmarks/MacLandmarks.entitlements;
				CODE_SIGN_STYLE = Automatic;
				COMBINE_HIDPI_IMAGES = YES;
				CURRENT_PROJECT_VERSION = 1;
				DEVELOPMENT_ASSET_PATHS = "\"MacLandmarks/Preview Content\"";
				DEVELOPMENT_TEAM = 322PTHJ258;
				ENABLE_HARDENED_RUNTIME = YES;
				ENABLE_PREVIEWS = YES;
				GENERATE_INFOPLIST_FILE = YES;
				INFOPLIST_KEY_NSHumanReadableCopyright = "";
				LD_RUNPATH_SEARCH_PATHS = (
					"$(inherited)",
					"@executable_path/../Frameworks",
				);
				MACOSX_DEPLOYMENT_TARGET = 14.4;
				MARKETING_VERSION = 1.0;
				PRODUCT_BUNDLE_IDENTIFIER = name.dongharyu.MacLandmarks;
				PRODUCT_NAME = "$(TARGET_NAME)";
				SDKROOT = macosx;
				SWIFT_EMIT_LOC_STRINGS = YES;
				SWIFT_VERSION = 5.0;
			};
			name = Release;
		};
		15EF285A2BFC257F006BB7FE /* Debug */ = {
			isa = XCBuildConfiguration;
			buildSettings = {
				ASSETCATALOG_COMPILER_APPICON_NAME = AppIcon;
				ASSETCATALOG_COMPILER_GLOBAL_ACCENT_COLOR_NAME = AccentColor;
				CODE_SIGN_STYLE = Automatic;
				CURRENT_PROJECT_VERSION = 1;
				DEVELOPMENT_ASSET_PATHS = "\"WatchLandmarks Watch App/Preview Content\"";
				DEVELOPMENT_TEAM = 322PTHJ258;
				ENABLE_PREVIEWS = YES;
				GENERATE_INFOPLIST_FILE = YES;
				INFOPLIST_KEY_CFBundleDisplayName = WatchLandmarks;
				INFOPLIST_KEY_UISupportedInterfaceOrientations = "UIInterfaceOrientationPortrait UIInterfaceOrientationPortraitUpsideDown";
				INFOPLIST_KEY_WKCompanionAppBundleIdentifier = name.dongharyu.Landmarks;
				INFOPLIST_KEY_WKRunsIndependentlyOfCompanionApp = YES;
				LD_RUNPATH_SEARCH_PATHS = (
					"$(inherited)",
					"@executable_path/Frameworks",
				);
				MARKETING_VERSION = 1.0;
				PRODUCT_BUNDLE_IDENTIFIER = name.dongharyu.Landmarks.watchkitapp;
				PRODUCT_NAME = "$(TARGET_NAME)";
				SDKROOT = watchos;
				SKIP_INSTALL = YES;
				SWIFT_EMIT_LOC_STRINGS = YES;
				SWIFT_VERSION = 5.0;
				TARGETED_DEVICE_FAMILY = 4;
				WATCHOS_DEPLOYMENT_TARGET = 10.5;
			};
			name = Debug;
		};
		15EF285B2BFC257F006BB7FE /* Release */ = {
			isa = XCBuildConfiguration;
			buildSettings = {
				ASSETCATALOG_COMPILER_APPICON_NAME = AppIcon;
				ASSETCATALOG_COMPILER_GLOBAL_ACCENT_COLOR_NAME = AccentColor;
				CODE_SIGN_STYLE = Automatic;
				CURRENT_PROJECT_VERSION = 1;
				DEVELOPMENT_ASSET_PATHS = "\"WatchLandmarks Watch App/Preview Content\"";
				DEVELOPMENT_TEAM = 322PTHJ258;
				ENABLE_PREVIEWS = YES;
				GENERATE_INFOPLIST_FILE = YES;
				INFOPLIST_KEY_CFBundleDisplayName = WatchLandmarks;
				INFOPLIST_KEY_UISupportedInterfaceOrientations = "UIInterfaceOrientationPortrait UIInterfaceOrientationPortraitUpsideDown";
				INFOPLIST_KEY_WKCompanionAppBundleIdentifier = name.dongharyu.Landmarks;
				INFOPLIST_KEY_WKRunsIndependentlyOfCompanionApp = YES;
				LD_RUNPATH_SEARCH_PATHS = (
					"$(inherited)",
					"@executable_path/Frameworks",
				);
				MARKETING_VERSION = 1.0;
				PRODUCT_BUNDLE_IDENTIFIER = name.dongharyu.Landmarks.watchkitapp;
				PRODUCT_NAME = "$(TARGET_NAME)";
				SDKROOT = watchos;
				SKIP_INSTALL = YES;
				SWIFT_EMIT_LOC_STRINGS = YES;
				SWIFT_VERSION = 5.0;
				TARGETED_DEVICE_FAMILY = 4;
				WATCHOS_DEPLOYMENT_TARGET = 10.5;
			};
			name = Release;
		};
/* End XCBuildConfiguration section */

/* Begin XCConfigurationList section */
		1548C4C22BE9EDFF0095B9D2 /* Build configuration list for PBXProject "Landmarks" */ = {
			isa = XCConfigurationList;
			buildConfigurations = (
				1548C4E92BE9EE000095B9D2 /* Debug */,
				1548C4EA2BE9EE000095B9D2 /* Release */,
			);
			defaultConfigurationIsVisible = 0;
			defaultConfigurationName = Release;
		};
		1548C4EB2BE9EE000095B9D2 /* Build configuration list for PBXNativeTarget "Landmarks" */ = {
			isa = XCConfigurationList;
			buildConfigurations = (
				1548C4EC2BE9EE000095B9D2 /* Debug */,
				1548C4ED2BE9EE000095B9D2 /* Release */,
			);
			defaultConfigurationIsVisible = 0;
			defaultConfigurationName = Release;
		};
		1548C4EE2BE9EE000095B9D2 /* Build configuration list for PBXNativeTarget "LandmarksTests" */ = {
			isa = XCConfigurationList;
			buildConfigurations = (
				1548C4EF2BE9EE000095B9D2 /* Debug */,
				1548C4F02BE9EE000095B9D2 /* Release */,
			);
			defaultConfigurationIsVisible = 0;
			defaultConfigurationName = Release;
		};
		1548C4F12BE9EE000095B9D2 /* Build configuration list for PBXNativeTarget "LandmarksUITests" */ = {
			isa = XCConfigurationList;
			buildConfigurations = (
				1548C4F22BE9EE000095B9D2 /* Debug */,
				1548C4F32BE9EE000095B9D2 /* Release */,
			);
			defaultConfigurationIsVisible = 0;
			defaultConfigurationName = Release;
		};
		159C498E2C1C5DC800ADD0B2 /* Build configuration list for PBXNativeTarget "MacLandmarks" */ = {
			isa = XCConfigurationList;
			buildConfigurations = (
				159C498F2C1C5DC800ADD0B2 /* Debug */,
				159C49902C1C5DC800ADD0B2 /* Release */,
			);
			defaultConfigurationIsVisible = 0;
			defaultConfigurationName = Release;
		};
		15EF28592BFC257F006BB7FE /* Build configuration list for PBXNativeTarget "WatchLandmarks Watch App" */ = {
			isa = XCConfigurationList;
			buildConfigurations = (
				15EF285A2BFC257F006BB7FE /* Debug */,
				15EF285B2BFC257F006BB7FE /* Release */,
			);
			defaultConfigurationIsVisible = 0;
			defaultConfigurationName = Release;
		};
/* End XCConfigurationList section */
	};
	rootObject = 1548C4BF2BE9EDFF0095B9D2 /* Project object */;
}
